
Microsoft Visual Studio Solution File, Format Version 12.00
# Visual Studio Version 16
VisualStudioVersion = 16.0.30104.148
MinimumVisualStudioVersion = 10.0.40219.1
Project("{FAE04EC0-301F-11D3-BF4B-00C04F79EFBC}") = "CyprisToolsPOC", "CyprisToolsPOC\CyprisToolsPOC.csproj", "{09021A66-A565-4EE1-8EE8-F07ED2B4123C}"
EndProject
Global
	GlobalSection(SolutionConfigurationPlatforms) = preSolution
		Debug|Any CPU = Debug|Any CPU
		Release|Any CPU = Release|Any CPU
	EndGlobalSection
	GlobalSection(ProjectConfigurationPlatforms) = postSolution
		{09021A66-A565-4EE1-8EE8-F07ED2B4123C}.Debug|Any CPU.ActiveCfg = Debug|Any CPU
		{09021A66-A565-4EE1-8EE8-F07ED2B4123C}.Debug|Any CPU.Build.0 = Debug|Any CPU
		{09021A66-A565-4EE1-8EE8-F07ED2B4123C}.Release|Any CPU.ActiveCfg = Release|Any CPU
		{09021A66-A565-4EE1-8EE8-F07ED2B4123C}.Release|Any CPU.Build.0 = Release|Any CPU
	EndGlobalSection
	GlobalSection(SolutionProperties) = preSolution
		HideSolutionNode = FALSE
	EndGlobalSection
	GlobalSection(ExtensibilityGlobals) = postSolution
		SolutionGuid = {A4560C4D-E851-47C2-AB7D-60ECD6EE58C0}
	EndGlobalSection
EndGlobal
